{
    "_readme": [
        "This file locks the dependencies of your project to a known state",
        "Read more about it at https://getcomposer.org/doc/01-basic-usage.md#composer-lock-the-lock-file",
        "This file is @generated automatically"
    ],
    "content-hash": "541bc9f004e6657b6c862009745038a5",
    "packages": [
        {
            "name": "amphp/amp",
            "version": "v2.6.0",
            "source": {
                "type": "git",
                "url": "https://github.com/amphp/amp.git",
                "reference": "caa95edeb1ca1bf7532e9118ede4a3c3126408cc"
            },
            "dist": {
                "type": "zip",
                "url": "https://api.github.com/repos/amphp/amp/zipball/caa95edeb1ca1bf7532e9118ede4a3c3126408cc",
                "reference": "caa95edeb1ca1bf7532e9118ede4a3c3126408cc",
                "shasum": ""
            },
            "require": {
                "php": ">=7.1"
            },
            "require-dev": {
                "amphp/php-cs-fixer-config": "dev-master",
                "amphp/phpunit-util": "^1",
                "ext-json": "*",
                "jetbrains/phpstorm-stubs": "^2019.3",
                "phpunit/phpunit": "^7 | ^8 | ^9",
                "psalm/phar": "^3.11@dev",
                "react/promise": "^2"
            },
            "type": "library",
            "extra": {
                "branch-alias": {
                    "dev-master": "2.x-dev"
                }
            },
            "autoload": {
                "psr-4": {
                    "Amp\\": "lib"
                },
                "files": [
                    "lib/functions.php",
                    "lib/Internal/functions.php"
                ]
            },
            "notification-url": "https://packagist.org/downloads/",
            "license": [
                "MIT"
            ],
            "authors": [
                {
                    "name": "Daniel Lowrey",
                    "email": "rdlowrey@php.net"
                },
                {
                    "name": "Aaron Piotrowski",
                    "email": "aaron@trowski.com"
                },
                {
                    "name": "Bob Weinand",
                    "email": "bobwei9@hotmail.com"
                },
                {
                    "name": "Niklas Keller",
                    "email": "me@kelunik.com"
                }
            ],
            "description": "A non-blocking concurrency framework for PHP applications.",
            "homepage": "http://amphp.org/amp",
            "keywords": [
                "async",
                "asynchronous",
                "awaitable",
                "concurrency",
                "event",
                "event-loop",
                "future",
                "non-blocking",
                "promise"
            ],
            "time": "2021-07-16T20:06:06+00:00"
        },
        {
            "name": "amphp/byte-stream",
            "version": "v1.8.1",
            "source": {
                "type": "git",
                "url": "https://github.com/amphp/byte-stream.git",
                "reference": "acbd8002b3536485c997c4e019206b3f10ca15bd"
            },
            "dist": {
                "type": "zip",
                "url": "https://api.github.com/repos/amphp/byte-stream/zipball/acbd8002b3536485c997c4e019206b3f10ca15bd",
                "reference": "acbd8002b3536485c997c4e019206b3f10ca15bd",
                "shasum": ""
            },
            "require": {
                "amphp/amp": "^2",
                "php": ">=7.1"
            },
            "require-dev": {
                "amphp/php-cs-fixer-config": "dev-master",
                "amphp/phpunit-util": "^1.4",
                "friendsofphp/php-cs-fixer": "^2.3",
                "jetbrains/phpstorm-stubs": "^2019.3",
                "phpunit/phpunit": "^6 || ^7 || ^8",
                "psalm/phar": "^3.11.4"
            },
            "type": "library",
            "extra": {
                "branch-alias": {
                    "dev-master": "1.x-dev"
                }
            },
            "autoload": {
                "psr-4": {
                    "Amp\\ByteStream\\": "lib"
                },
                "files": [
                    "lib/functions.php"
                ]
            },
            "notification-url": "https://packagist.org/downloads/",
            "license": [
                "MIT"
            ],
            "authors": [
                {
                    "name": "Aaron Piotrowski",
                    "email": "aaron@trowski.com"
                },
                {
                    "name": "Niklas Keller",
                    "email": "me@kelunik.com"
                }
            ],
            "description": "A stream abstraction to make working with non-blocking I/O simple.",
            "homepage": "http://amphp.org/byte-stream",
            "keywords": [
                "amp",
                "amphp",
                "async",
                "io",
                "non-blocking",
                "stream"
            ],
            "time": "2021-03-30T17:13:30+00:00"
        },
        {
            "name": "amphp/parallel",
            "version": "v1.4.0",
            "source": {
                "type": "git",
                "url": "https://github.com/amphp/parallel.git",
                "reference": "2c1039bf7ca137eae4d954b14c09a7535d7d4e1c"
            },
            "dist": {
                "type": "zip",
                "url": "https://api.github.com/repos/amphp/parallel/zipball/2c1039bf7ca137eae4d954b14c09a7535d7d4e1c",
                "reference": "2c1039bf7ca137eae4d954b14c09a7535d7d4e1c",
                "shasum": ""
            },
            "require": {
                "amphp/amp": "^2",
                "amphp/byte-stream": "^1.6.1",
                "amphp/parser": "^1",
                "amphp/process": "^1",
                "amphp/serialization": "^1",
                "amphp/sync": "^1.0.1",
                "php": ">=7.1"
            },
            "require-dev": {
                "amphp/php-cs-fixer-config": "dev-master",
                "amphp/phpunit-util": "^1.1",
                "phpunit/phpunit": "^8 || ^7"
            },
            "type": "library",
            "autoload": {
                "psr-4": {
                    "Amp\\Parallel\\": "lib"
                },
                "files": [
                    "lib/Context/functions.php",
                    "lib/Sync/functions.php",
                    "lib/Worker/functions.php"
                ]
            },
            "notification-url": "https://packagist.org/downloads/",
            "license": [
                "MIT"
            ],
            "authors": [
                {
                    "name": "Aaron Piotrowski",
                    "email": "aaron@trowski.com"
                },
                {
                    "name": "Stephen Coakley",
                    "email": "me@stephencoakley.com"
                }
            ],
            "description": "Parallel processing component for Amp.",
            "homepage": "https://github.com/amphp/parallel",
            "keywords": [
                "async",
                "asynchronous",
                "concurrent",
                "multi-processing",
                "multi-threading"
            ],
            "time": "2020-04-27T15:12:37+00:00"
        },
        {
            "name": "amphp/parser",
            "version": "v1.0.0",
            "source": {
                "type": "git",
                "url": "https://github.com/amphp/parser.git",
                "reference": "f83e68f03d5b8e8e0365b8792985a7f341c57ae1"
            },
            "dist": {
                "type": "zip",
                "url": "https://api.github.com/repos/amphp/parser/zipball/f83e68f03d5b8e8e0365b8792985a7f341c57ae1",
                "reference": "f83e68f03d5b8e8e0365b8792985a7f341c57ae1",
                "shasum": ""
            },
            "require": {
                "php": ">=7"
            },
            "require-dev": {
                "friendsofphp/php-cs-fixer": "^2.3",
                "phpunit/phpunit": "^6"
            },
            "type": "library",
            "autoload": {
                "psr-4": {
                    "Amp\\Parser\\": "lib"
                }
            },
            "notification-url": "https://packagist.org/downloads/",
            "license": [
                "MIT"
            ],
            "authors": [
                {
                    "name": "Niklas Keller",
                    "email": "me@kelunik.com"
                },
                {
                    "name": "Aaron Piotrowski",
                    "email": "aaron@trowski.com"
                }
            ],
            "description": "A generator parser to make streaming parsers simple.",
            "homepage": "https://github.com/amphp/parser",
            "keywords": [
                "async",
                "non-blocking",
                "parser",
                "stream"
            ],
            "time": "2017-06-06T05:29:10+00:00"
        },
        {
            "name": "amphp/process",
            "version": "v1.1.1",
            "source": {
                "type": "git",
                "url": "https://github.com/amphp/process.git",
                "reference": "b88c6aef75c0b22f6f021141dd2d5e7c5db4c124"
            },
            "dist": {
                "type": "zip",
                "url": "https://api.github.com/repos/amphp/process/zipball/b88c6aef75c0b22f6f021141dd2d5e7c5db4c124",
                "reference": "b88c6aef75c0b22f6f021141dd2d5e7c5db4c124",
                "shasum": ""
            },
            "require": {
                "amphp/amp": "^2",
                "amphp/byte-stream": "^1.4",
                "php": ">=7"
            },
            "require-dev": {
                "amphp/php-cs-fixer-config": "dev-master",
                "amphp/phpunit-util": "^1",
                "phpunit/phpunit": "^6"
            },
            "type": "library",
            "autoload": {
                "psr-4": {
                    "Amp\\Process\\": "lib"
                },
                "files": [
                    "lib/functions.php"
                ]
            },
            "notification-url": "https://packagist.org/downloads/",
            "license": [
                "MIT"
            ],
            "authors": [
                {
                    "name": "Bob Weinand",
                    "email": "bobwei9@hotmail.com"
                },
                {
                    "name": "Aaron Piotrowski",
                    "email": "aaron@trowski.com"
                },
                {
                    "name": "Niklas Keller",
                    "email": "me@kelunik.com"
                }
            ],
            "description": "Asynchronous process manager.",
            "homepage": "https://github.com/amphp/process",
            "time": "2021-03-30T20:04:22+00:00"
        },
        {
            "name": "amphp/serialization",
            "version": "v1.0.0",
            "source": {
                "type": "git",
                "url": "https://github.com/amphp/serialization.git",
                "reference": "693e77b2fb0b266c3c7d622317f881de44ae94a1"
            },
            "dist": {
                "type": "zip",
                "url": "https://api.github.com/repos/amphp/serialization/zipball/693e77b2fb0b266c3c7d622317f881de44ae94a1",
                "reference": "693e77b2fb0b266c3c7d622317f881de44ae94a1",
                "shasum": ""
            },
            "require": {
                "php": ">=7.1"
            },
            "require-dev": {
                "amphp/php-cs-fixer-config": "dev-master",
                "phpunit/phpunit": "^9 || ^8 || ^7"
            },
            "type": "library",
            "autoload": {
                "psr-4": {
                    "Amp\\Serialization\\": "src"
                },
                "files": [
                    "src/functions.php"
                ]
            },
            "notification-url": "https://packagist.org/downloads/",
            "license": [
                "MIT"
            ],
            "authors": [
                {
                    "name": "Aaron Piotrowski",
                    "email": "aaron@trowski.com"
                },
                {
                    "name": "Niklas Keller",
                    "email": "me@kelunik.com"
                }
            ],
            "description": "Serialization tools for IPC and data storage in PHP.",
            "homepage": "https://github.com/amphp/serialization",
            "keywords": [
                "async",
                "asynchronous",
                "serialization",
                "serialize"
            ],
            "time": "2020-03-25T21:39:07+00:00"
        },
        {
            "name": "amphp/sync",
            "version": "v1.4.0",
            "source": {
                "type": "git",
                "url": "https://github.com/amphp/sync.git",
                "reference": "613047ac54c025aa800a9cde5b05c3add7327ed4"
            },
            "dist": {
                "type": "zip",
                "url": "https://api.github.com/repos/amphp/sync/zipball/613047ac54c025aa800a9cde5b05c3add7327ed4",
                "reference": "613047ac54c025aa800a9cde5b05c3add7327ed4",
                "shasum": ""
            },
            "require": {
                "amphp/amp": "^2.2",
                "php": ">=7.1"
            },
            "require-dev": {
                "amphp/php-cs-fixer-config": "dev-master",
                "amphp/phpunit-util": "^1.1",
                "phpunit/phpunit": "^9 || ^8 || ^7"
            },
            "type": "library",
            "autoload": {
                "psr-4": {
                    "Amp\\Sync\\": "src"
                },
                "files": [
                    "src/functions.php",
                    "src/ConcurrentIterator/functions.php"
                ]
            },
            "notification-url": "https://packagist.org/downloads/",
            "license": [
                "MIT"
            ],
            "authors": [
                {
                    "name": "Aaron Piotrowski",
                    "email": "aaron@trowski.com"
                },
                {
                    "name": "Stephen Coakley",
                    "email": "me@stephencoakley.com"
                }
            ],
            "description": "Mutex, Semaphore, and other synchronization tools for Amp.",
            "homepage": "https://github.com/amphp/sync",
            "keywords": [
                "async",
                "asynchronous",
                "mutex",
                "semaphore",
                "synchronization"
            ],
            "time": "2020-05-07T18:57:50+00:00"
        },
        {
            "name": "vladimir163/lead-generator",
            "version": "dev-master",
            "source": {
                "type": "git",
                "url": "https://github.com/vladimir163/lead-generator.git",
                "reference": "9a9992de6cf66c3fd4ac3b22688763f8dee5ab72"
            },
            "dist": {
                "type": "zip",
                "url": "https://api.github.com/repos/vladimir163/lead-generator/zipball/9a9992de6cf66c3fd4ac3b22688763f8dee5ab72",
                "reference": "9a9992de6cf66c3fd4ac3b22688763f8dee5ab72",
                "shasum": ""
            },
            "require": {
                "php": ">=7"
            },
            "type": "library",
            "autoload": {
                "psr-4": {
                    "LeadGenerator\\": "src/"
                }
            },
            "notification-url": "https://packagist.org/downloads/",
            "authors": [
                {
                    "name": "Vladimir Samuylov",
                    "email": "vladimir@samujlov.ru"
                }
            ],
            "time": "2020-07-30T07:43:33+00:00"
        }
    ],
    "packages-dev": [],
    "aliases": [],
    "minimum-stability": "stable",
    "stability-flags": {
        "vladimir163/lead-generator": 20
    },
    "prefer-stable": false,
    "prefer-lowest": false,
    "platform": [],
    "platform-dev": []
}
